
Microsoft Visual Studio Solution File, Format Version 12.00
# Visual Studio 15
VisualStudioVersion = 15.0.27703.2042
MinimumVisualStudioVersion = 10.0.40219.1
Project("{FAE04EC0-301F-11D3-BF4B-00C04F79EFBC}") = "C-Step93", "C-Step93\C-Step93.csproj", "{2799B5B0-58B2-4BDB-A0C7-8F24EB3D79DA}"
EndProject
Global
	GlobalSection(SolutionConfigurationPlatforms) = preSolution
		Debug|Any CPU = Debug|Any CPU
		Release|Any CPU = Release|Any CPU
	EndGlobalSection
	GlobalSection(ProjectConfigurationPlatforms) = postSolution
		{2799B5B0-58B2-4BDB-A0C7-8F24EB3D79DA}.Debug|Any CPU.ActiveCfg = Debug|Any CPU
		{2799B5B0-58B2-4BDB-A0C7-8F24EB3D79DA}.Debug|Any CPU.Build.0 = Debug|Any CPU
		{2799B5B0-58B2-4BDB-A0C7-8F24EB3D79DA}.Release|Any CPU.ActiveCfg = Release|Any CPU
		{2799B5B0-58B2-4BDB-A0C7-8F24EB3D79DA}.Release|Any CPU.Build.0 = Release|Any CPU
	EndGlobalSection
	GlobalSection(SolutionProperties) = preSolution
		HideSolutionNode = FALSE
	EndGlobalSection
	GlobalSection(ExtensibilityGlobals) = postSolution
		SolutionGuid = {38C8BD7D-7734-41A5-B53E-7A2C32566E32}
	EndGlobalSection
EndGlobal
